
Microsoft Visual Studio Solution File, Format Version 12.00
# Visual Studio Version 17
VisualStudioVersion = 17.5.33516.290
MinimumVisualStudioVersion = 10.0.40219.1
Project("{FAE04EC0-301F-11D3-BF4B-00C04F79EFBC}") = "DiffiHelman", "DiffiHelman\DiffiHelman.csproj", "{6A69D2E3-0A18-4758-953C-5FF0492B5A17}"
EndProject
Global
	GlobalSection(SolutionConfigurationPlatforms) = preSolution
		Debug|Any CPU = Debug|Any CPU
		Release|Any CPU = Release|Any CPU
	EndGlobalSection
	GlobalSection(ProjectConfigurationPlatforms) = postSolution
		{6A69D2E3-0A18-4758-953C-5FF0492B5A17}.Debug|Any CPU.ActiveCfg = Debug|Any CPU
		{6A69D2E3-0A18-4758-953C-5FF0492B5A17}.Debug|Any CPU.Build.0 = Debug|Any CPU
		{6A69D2E3-0A18-4758-953C-5FF0492B5A17}.Release|Any CPU.ActiveCfg = Release|Any CPU
		{6A69D2E3-0A18-4758-953C-5FF0492B5A17}.Release|Any CPU.Build.0 = Release|Any CPU
	EndGlobalSection
	GlobalSection(SolutionProperties) = preSolution
		HideSolutionNode = FALSE
	EndGlobalSection
	GlobalSection(ExtensibilityGlobals) = postSolution
		SolutionGuid = {A0035B95-FE1F-4439-9450-1BF2D80B15B9}
	EndGlobalSection
EndGlobal
